// !$*UTF8*$!
{
	archiveVersion = 1;
	classes = {
	};
	objectVersion = 55;
	objects = {

/* Begin PBXBuildFile section */
		C8043A1728CDC9E500CB6F0A /* AppDelegate.swift in Sources */ = {isa = PBXBuildFile; fileRef = C8043A1628CDC9E500CB6F0A /* AppDelegate.swift */; };
		C8043A1928CDC9E500CB6F0A /* SceneDelegate.swift in Sources */ = {isa = PBXBuildFile; fileRef = C8043A1828CDC9E500CB6F0A /* SceneDelegate.swift */; };
		C8043A1B28CDC9E500CB6F0A /* ViewController.swift in Sources */ = {isa = PBXBuildFile; fileRef = C8043A1A28CDC9E500CB6F0A /* ViewController.swift */; };
		C8043A1E28CDC9E500CB6F0A /* Main.storyboard in Resources */ = {isa = PBXBuildFile; fileRef = C8043A1C28CDC9E500CB6F0A /* Main.storyboard */; };
		C8043A2028CDC9E700CB6F0A /* Assets.xcassets in Resources */ = {isa = PBXBuildFile; fileRef = C8043A1F28CDC9E700CB6F0A /* Assets.xcassets */; };
		C8043A2328CDC9E700CB6F0A /* LaunchScreen.storyboard in Resources */ = {isa = PBXBuildFile; fileRef = C8043A2128CDC9E700CB6F0A /* LaunchScreen.storyboard */; };
		C8043A2E28CDC9E800CB6F0A /* CPHomePracticeTests.swift in Sources */ = {isa = PBXBuildFile; fileRef = C8043A2D28CDC9E800CB6F0A /* CPHomePracticeTests.swift */; };
		C8332E0728D35D1E00ACE160 /* APIManager.swift in Sources */ = {isa = PBXBuildFile; fileRef = C8332E0628D35D1E00ACE160 /* APIManager.swift */; };
		C889213928D59750009FC13F /* UserModel.swift in Sources */ = {isa = PBXBuildFile; fileRef = C889213828D59750009FC13F /* UserModel.swift */; };
		C889213B28D5987E009FC13F /* TodoModel.swift in Sources */ = {isa = PBXBuildFile; fileRef = C889213A28D5987E009FC13F /* TodoModel.swift */; };
		C8982FF728D0C99D003B5589 /* GQLQueryProtocol.swift in Sources */ = {isa = PBXBuildFile; fileRef = C8982FF628D0C99D003B5589 /* GQLQueryProtocol.swift */; };
/* End PBXBuildFile section */

/* Begin PBXContainerItemProxy section */
		C8043A2A28CDC9E800CB6F0A /* PBXContainerItemProxy */ = {
			isa = PBXContainerItemProxy;
			containerPortal = C8043A0B28CDC9E500CB6F0A /* Project object */;
			proxyType = 1;
			remoteGlobalIDString = C8043A1228CDC9E500CB6F0A;
			remoteInfo = CPHomePractice;
		};
/* End PBXContainerItemProxy section */

/* Begin PBXFileReference section */
		C8043A1328CDC9E500CB6F0A /* CPHomePractice.app */ = {isa = PBXFileReference; explicitFileType = wrapper.application; includeInIndex = 0; path = CPHomePractice.app; sourceTree = BUILT_PRODUCTS_DIR; };
		C8043A1628CDC9E500CB6F0A /* AppDelegate.swift */ = {isa = PBXFileReference; lastKnownFileType = sourcecode.swift; path = AppDelegate.swift; sourceTree = "<group>"; };
		C8043A1828CDC9E500CB6F0A /* SceneDelegate.swift */ = {isa = PBXFileReference; lastKnownFileType = sourcecode.swift; path = SceneDelegate.swift; sourceTree = "<group>"; };
		C8043A1A28CDC9E500CB6F0A /* ViewController.swift */ = {isa = PBXFileReference; lastKnownFileType = sourcecode.swift; path = ViewController.swift; sourceTree = "<group>"; };
		C8043A1D28CDC9E500CB6F0A /* Base */ = {isa = PBXFileReference; lastKnownFileType = file.storyboard; name = Base; path = Base.lproj/Main.storyboard; sourceTree = "<group>"; };
		C8043A1F28CDC9E700CB6F0A /* Assets.xcassets */ = {isa = PBXFileReference; lastKnownFileType = folder.assetcatalog; path = Assets.xcassets; sourceTree = "<group>"; };
		C8043A2228CDC9E700CB6F0A /* Base */ = {isa = PBXFileReference; lastKnownFileType = file.storyboard; name = Base; path = Base.lproj/LaunchScreen.storyboard; sourceTree = "<group>"; };
		C8043A2428CDC9E700CB6F0A /* Info.plist */ = {isa = PBXFileReference; lastKnownFileType = text.plist.xml; path = Info.plist; sourceTree = "<group>"; };
		C8043A2928CDC9E800CB6F0A /* CPHomePracticeTests.xctest */ = {isa = PBXFileReference; explicitFileType = wrapper.cfbundle; includeInIndex = 0; path = CPHomePracticeTests.xctest; sourceTree = BUILT_PRODUCTS_DIR; };
		C8043A2D28CDC9E800CB6F0A /* CPHomePracticeTests.swift */ = {isa = PBXFileReference; lastKnownFileType = sourcecode.swift; path = CPHomePracticeTests.swift; sourceTree = "<group>"; };
		C8332E0628D35D1E00ACE160 /* APIManager.swift */ = {isa = PBXFileReference; lastKnownFileType = sourcecode.swift; path = APIManager.swift; sourceTree = "<group>"; };
		C889213828D59750009FC13F /* UserModel.swift */ = {isa = PBXFileReference; lastKnownFileType = sourcecode.swift; path = UserModel.swift; sourceTree = "<group>"; };
		C889213A28D5987E009FC13F /* TodoModel.swift */ = {isa = PBXFileReference; lastKnownFileType = sourcecode.swift; path = TodoModel.swift; sourceTree = "<group>"; };
		C8982FF628D0C99D003B5589 /* GQLQueryProtocol.swift */ = {isa = PBXFileReference; lastKnownFileType = sourcecode.swift; path = GQLQueryProtocol.swift; sourceTree = "<group>"; };
/* End PBXFileReference section */

/* Begin PBXFrameworksBuildPhase section */
		C8043A1028CDC9E500CB6F0A /* Frameworks */ = {
			isa = PBXFrameworksBuildPhase;
			buildActionMask = 2147483647;
			files = (
			);
			runOnlyForDeploymentPostprocessing = 0;
		};
		C8043A2628CDC9E800CB6F0A /* Frameworks */ = {
			isa = PBXFrameworksBuildPhase;
			buildActionMask = 2147483647;
			files = (
			);
			runOnlyForDeploymentPostprocessing = 0;
		};
/* End PBXFrameworksBuildPhase section */

/* Begin PBXGroup section */
		C8043A0A28CDC9E500CB6F0A = {
			isa = PBXGroup;
			children = (
				C8043A1528CDC9E500CB6F0A /* CPHomePractice */,
				C8043A2C28CDC9E800CB6F0A /* CPHomePracticeTests */,
				C8043A1428CDC9E500CB6F0A /* Products */,
			);
			sourceTree = "<group>";
		};
		C8043A1428CDC9E500CB6F0A /* Products */ = {
			isa = PBXGroup;
			children = (
				C8043A1328CDC9E500CB6F0A /* CPHomePractice.app */,
				C8043A2928CDC9E800CB6F0A /* CPHomePracticeTests.xctest */,
			);
			name = Products;
			sourceTree = "<group>";
		};
		C8043A1528CDC9E500CB6F0A /* CPHomePractice */ = {
			isa = PBXGroup;
			children = (
				C8332E0528D35CC800ACE160 /* API */,
				C889213728D5973B009FC13F /* API Model */,
				C8982FF028D0C6C8003B5589 /* Protocol */,
				C8043A1628CDC9E500CB6F0A /* AppDelegate.swift */,
				C8043A1828CDC9E500CB6F0A /* SceneDelegate.swift */,
				C8043A1A28CDC9E500CB6F0A /* ViewController.swift */,
				C8043A1C28CDC9E500CB6F0A /* Main.storyboard */,
				C8043A1F28CDC9E700CB6F0A /* Assets.xcassets */,
				C8043A2128CDC9E700CB6F0A /* LaunchScreen.storyboard */,
				C8043A2428CDC9E700CB6F0A /* Info.plist */,
			);
			path = CPHomePractice;
			sourceTree = "<group>";
		};
		C8043A2C28CDC9E800CB6F0A /* CPHomePracticeTests */ = {
			isa = PBXGroup;
			children = (
				C8043A2D28CDC9E800CB6F0A /* CPHomePracticeTests.swift */,
			);
			path = CPHomePracticeTests;
			sourceTree = "<group>";
		};
		C8332E0528D35CC800ACE160 /* API */ = {
			isa = PBXGroup;
			children = (
				C8332E0628D35D1E00ACE160 /* APIManager.swift */,
			);
			path = API;
			sourceTree = "<group>";
		};
		C889213728D5973B009FC13F /* API Model */ = {
			isa = PBXGroup;
			children = (
				C889213828D59750009FC13F /* UserModel.swift */,
				C889213A28D5987E009FC13F /* TodoModel.swift */,
			);
			path = "API Model";
			sourceTree = "<group>";
		};
		C8982FF028D0C6C8003B5589 /* Protocol */ = {
			isa = PBXGroup;
			children = (
				C8982FF628D0C99D003B5589 /* GQLQueryProtocol.swift */,
			);
			path = Protocol;
			sourceTree = "<group>";
		};
/* End PBXGroup section */

/* Begin PBXNativeTarget section */
		C8043A1228CDC9E500CB6F0A /* CPHomePractice */ = {
			isa = PBXNativeTarget;
			buildConfigurationList = C8043A3D28CDC9E800CB6F0A /* Build configuration list for PBXNativeTarget "CPHomePractice" */;
			buildPhases = (
				C8043A0F28CDC9E500CB6F0A /* Sources */,
				C8043A1028CDC9E500CB6F0A /* Frameworks */,
				C8043A1128CDC9E500CB6F0A /* Resources */,
			);
			buildRules = (
			);
			dependencies = (
			);
			name = CPHomePractice;
			productName = CPHomePractice;
			productReference = C8043A1328CDC9E500CB6F0A /* CPHomePractice.app */;
			productType = "com.apple.product-type.application";
		};
		C8043A2828CDC9E800CB6F0A /* CPHomePracticeTests */ = {
			isa = PBXNativeTarget;
			buildConfigurationList = C8043A4028CDC9E800CB6F0A /* Build configuration list for PBXNativeTarget "CPHomePracticeTests" */;
			buildPhases = (
				C8043A2528CDC9E800CB6F0A /* Sources */,
				C8043A2628CDC9E800CB6F0A /* Frameworks */,
				C8043A2728CDC9E800CB6F0A /* Resources */,
			);
			buildRules = (
			);
			dependencies = (
				C8043A2B28CDC9E800CB6F0A /* PBXTargetDependency */,
			);
			name = CPHomePracticeTests;
			productName = CPHomePracticeTests;
			productReference = C8043A2928CDC9E800CB6F0A /* CPHomePracticeTests.xctest */;
			productType = "com.apple.product-type.bundle.unit-test";
		};
/* End PBXNativeTarget section */

/* Begin PBXProject section */
		C8043A0B28CDC9E500CB6F0A /* Project object */ = {
			isa = PBXProject;
			attributes = {
				BuildIndependentTargetsInParallel = 1;
				LastSwiftUpdateCheck = 1320;
				LastUpgradeCheck = 1320;
				TargetAttributes = {
					C8043A1228CDC9E500CB6F0A = {
						CreatedOnToolsVersion = 13.2.1;
					};
					C8043A2828CDC9E800CB6F0A = {
						CreatedOnToolsVersion = 13.2.1;
						TestTargetID = C8043A1228CDC9E500CB6F0A;
					};
				};
			};
			buildConfigurationList = C8043A0E28CDC9E500CB6F0A /* Build configuration list for PBXProject "CPHomePractice" */;
			compatibilityVersion = "Xcode 13.0";
			developmentRegion = en;
			hasScannedForEncodings = 0;
			knownRegions = (
				en,
				Base,
			);
			mainGroup = C8043A0A28CDC9E500CB6F0A;
			productRefGroup = C8043A1428CDC9E500CB6F0A /* Products */;
			projectDirPath = "";
			projectRoot = "";
			targets = (
				C8043A1228CDC9E500CB6F0A /* CPHomePractice */,
				C8043A2828CDC9E800CB6F0A /* CPHomePracticeTests */,
			);
		};
/* End PBXProject section */

/* Begin PBXResourcesBuildPhase section */
		C8043A1128CDC9E500CB6F0A /* Resources */ = {
			isa = PBXResourcesBuildPhase;
			buildActionMask = 2147483647;
			files = (
				C8043A2328CDC9E700CB6F0A /* LaunchScreen.storyboard in Resources */,
				C8043A2028CDC9E700CB6F0A /* Assets.xcassets in Resources */,
				C8043A1E28CDC9E500CB6F0A /* Main.storyboard in Resources */,
			);
			runOnlyForDeploymentPostprocessing = 0;
		};
		C8043A2728CDC9E800CB6F0A /* Resources */ = {
			isa = PBXResourcesBuildPhase;
			buildActionMask = 2147483647;
			files = (
			);
			runOnlyForDeploymentPostprocessing = 0;
		};
/* End PBXResourcesBuildPhase section */

/* Begin PBXSourcesBuildPhase section */
		C8043A0F28CDC9E500CB6F0A /* Sources */ = {
			isa = PBXSourcesBuildPhase;
			buildActionMask = 2147483647;
			files = (
				C8332E0728D35D1E00ACE160 /* APIManager.swift in Sources */,
				C889213B28D5987E009FC13F /* TodoModel.swift in Sources */,
				C8043A1B28CDC9E500CB6F0A /* ViewController.swift in Sources */,
				C8043A1728CDC9E500CB6F0A /* AppDelegate.swift in Sources */,
				C8982FF728D0C99D003B5589 /* GQLQueryProtocol.swift in Sources */,
				C8043A1928CDC9E500CB6F0A /* SceneDelegate.swift in Sources */,
				C889213928D59750009FC13F /* UserModel.swift in Sources */,
			);
			runOnlyForDeploymentPostprocessing = 0;
		};
		C8043A2528CDC9E800CB6F0A /* Sources */ = {
			isa = PBXSourcesBuildPhase;
			buildActionMask = 2147483647;
			files = (
				C8043A2E28CDC9E800CB6F0A /* CPHomePracticeTests.swift in Sources */,
			);
			runOnlyForDeploymentPostprocessing = 0;
		};
/* End PBXSourcesBuildPhase section */

/* Begin PBXTargetDependency section */
		C8043A2B28CDC9E800CB6F0A /* PBXTargetDependency */ = {
			isa = PBXTargetDependency;
			target = C8043A1228CDC9E500CB6F0A /* CPHomePractice */;
			targetProxy = C8043A2A28CDC9E800CB6F0A /* PBXContainerItemProxy */;
		};
/* End PBXTargetDependency section */

/* Begin PBXVariantGroup section */
		C8043A1C28CDC9E500CB6F0A /* Main.storyboard */ = {
			isa = PBXVariantGroup;
			children = (
				C8043A1D28CDC9E500CB6F0A /* Base */,
			);
			name = Main.storyboard;
			sourceTree = "<group>";
		};
		C8043A2128CDC9E700CB6F0A /* LaunchScreen.storyboard */ = {
			isa = PBXVariantGroup;
			children = (
				C8043A2228CDC9E700CB6F0A /* Base */,
			);
			name = LaunchScreen.storyboard;
			sourceTree = "<group>";
		};
/* End PBXVariantGroup section */

/* Begin XCBuildConfiguration section */
		C8043A3B28CDC9E800CB6F0A /* Debug */ = {
			isa = XCBuildConfiguration;
			buildSettings = {
				ALWAYS_SEARCH_USER_PATHS = NO;
				CLANG_ANALYZER_NONNULL = YES;
				CLANG_ANALYZER_NUMBER_OBJECT_CONVERSION = YES_AGGRESSIVE;
				CLANG_CXX_LANGUAGE_STANDARD = "gnu++17";
				CLANG_CXX_LIBRARY = "libc++";
				CLANG_ENABLE_MODULES = YES;
				CLANG_ENABLE_OBJC_ARC = YES;
				CLANG_ENABLE_OBJC_WEAK = YES;
				CLANG_WARN_BLOCK_CAPTURE_AUTORELEASING = YES;
				CLANG_WARN_BOOL_CONVERSION = YES;
				CLANG_WARN_COMMA = YES;
				CLANG_WARN_CONSTANT_CONVERSION = YES;
				CLANG_WARN_DEPRECATED_OBJC_IMPLEMENTATIONS = YES;
				CLANG_WARN_DIRECT_OBJC_ISA_USAGE = YES_ERROR;
				CLANG_WARN_DOCUMENTATION_COMMENTS = YES;
				CLANG_WARN_EMPTY_BODY = YES;
				CLANG_WARN_ENUM_CONVERSION = YES;
				CLANG_WARN_INFINITE_RECURSION = YES;
				CLANG_WARN_INT_CONVERSION = YES;
				CLANG_WARN_NON_LITERAL_NULL_CONVERSION = YES;
				CLANG_WARN_OBJC_IMPLICIT_RETAIN_SELF = YES;
				CLANG_WARN_OBJC_LITERAL_CONVERSION = YES;
				CLANG_WARN_OBJC_ROOT_CLASS = YES_ERROR;
				CLANG_WARN_QUOTED_INCLUDE_IN_FRAMEWORK_HEADER = YES;
				CLANG_WARN_RANGE_LOOP_ANALYSIS = YES;
				CLANG_WARN_STRICT_PROTOTYPES = YES;
				CLANG_WARN_SUSPICIOUS_MOVE = YES;
				CLANG_WARN_UNGUARDED_AVAILABILITY = YES_AGGRESSIVE;
				CLANG_WARN_UNREACHABLE_CODE = YES;
				CLANG_WARN__DUPLICATE_METHOD_MATCH = YES;
				COPY_PHASE_STRIP = NO;
				DEBUG_INFORMATION_FORMAT = dwarf;
				ENABLE_STRICT_OBJC_MSGSEND = YES;
				ENABLE_TESTABILITY = YES;
				GCC_C_LANGUAGE_STANDARD = gnu11;
				GCC_DYNAMIC_NO_PIC = NO;
				GCC_NO_COMMON_BLOCKS = YES;
				GCC_OPTIMIZATION_LEVEL = 0;
				GCC_PREPROCESSOR_DEFINITIONS = (
					"DEBUG=1",
					"$(inherited)",
				);
				GCC_WARN_64_TO_32_BIT_CONVERSION = YES;
				GCC_WARN_ABOUT_RETURN_TYPE = YES_ERROR;
				GCC_WARN_UNDECLARED_SELECTOR = YES;
				GCC_WARN_UNINITIALIZED_AUTOS = YES_AGGRESSIVE;
				GCC_WARN_UNUSED_FUNCTION = YES;
				GCC_WARN_UNUSED_VARIABLE = YES;
				IPHONEOS_DEPLOYMENT_TARGET = 15.2;
				MTL_ENABLE_DEBUG_INFO = INCLUDE_SOURCE;
				MTL_FAST_MATH = YES;
				ONLY_ACTIVE_ARCH = YES;
				SDKROOT = iphoneos;
				SWIFT_ACTIVE_COMPILATION_CONDITIONS = DEBUG;
				SWIFT_OPTIMIZATION_LEVEL = "-Onone";
			};
			name = Debug;
		};
		C8043A3C28CDC9E800CB6F0A /* Release */ = {
			isa = XCBuildConfiguration;
			buildSettings = {
				ALWAYS_SEARCH_USER_PATHS = NO;
				CLANG_ANALYZER_NONNULL = YES;
				CLANG_ANALYZER_NUMBER_OBJECT_CONVERSION = YES_AGGRESSIVE;
				CLANG_CXX_LANGUAGE_STANDARD = "gnu++17";
				CLANG_CXX_LIBRARY = "libc++";
				CLANG_ENABLE_MODULES = YES;
				CLANG_ENABLE_OBJC_ARC = YES;
				CLANG_ENABLE_OBJC_WEAK = YES;
				CLANG_WARN_BLOCK_CAPTURE_AUTORELEASING = YES;
				CLANG_WARN_BOOL_CONVERSION = YES;
				CLANG_WARN_COMMA = YES;
				CLANG_WARN_CONSTANT_CONVERSION = YES;
				CLANG_WARN_DEPRECATED_OBJC_IMPLEMENTATIONS = YES;
				CLANG_WARN_DIRECT_OBJC_ISA_USAGE = YES_ERROR;
				CLANG_WARN_DOCUMENTATION_COMMENTS = YES;
				CLANG_WARN_EMPTY_BODY = YES;
				CLANG_WARN_ENUM_CONVERSION = YES;
				CLANG_WARN_INFINITE_RECURSION = YES;
				CLANG_WARN_INT_CONVERSION = YES;
				CLANG_WARN_NON_LITERAL_NULL_CONVERSION = YES;
				CLANG_WARN_OBJC_IMPLICIT_RETAIN_SELF = YES;
				CLANG_WARN_OBJC_LITERAL_CONVERSION = YES;
				CLANG_WARN_OBJC_ROOT_CLASS = YES_ERROR;
				CLANG_WARN_QUOTED_INCLUDE_IN_FRAMEWORK_HEADER = YES;
				CLANG_WARN_RANGE_LOOP_ANALYSIS = YES;
				CLANG_WARN_STRICT_PROTOTYPES = YES;
				CLANG_WARN_SUSPICIOUS_MOVE = YES;
				CLANG_WARN_UNGUARDED_AVAILABILITY = YES_AGGRESSIVE;
				CLANG_WARN_UNREACHABLE_CODE = YES;
				CLANG_WARN__DUPLICATE_METHOD_MATCH = YES;
				COPY_PHASE_STRIP = NO;
				DEBUG_INFORMATION_FORMAT = "dwarf-with-dsym";
				ENABLE_NS_ASSERTIONS = NO;
				ENABLE_STRICT_OBJC_MSGSEND = YES;
				GCC_C_LANGUAGE_STANDARD = gnu11;
				GCC_NO_COMMON_BLOCKS = YES;
				GCC_WARN_64_TO_32_BIT_CONVERSION = YES;
				GCC_WARN_ABOUT_RETURN_TYPE = YES_ERROR;
				GCC_WARN_UNDECLARED_SELECTOR = YES;
				GCC_WARN_UNINITIALIZED_AUTOS = YES_AGGRESSIVE;
				GCC_WARN_UNUSED_FUNCTION = YES;
				GCC_WARN_UNUSED_VARIABLE = YES;
				IPHONEOS_DEPLOYMENT_TARGET = 15.2;
				MTL_ENABLE_DEBUG_INFO = NO;
				MTL_FAST_MATH = YES;
				SDKROOT = iphoneos;
				SWIFT_COMPILATION_MODE = wholemodule;
				SWIFT_OPTIMIZATION_LEVEL = "-O";
				VALIDATE_PRODUCT = YES;
			};
			name = Release;
		};
		C8043A3E28CDC9E800CB6F0A /* Debug */ = {
			isa = XCBuildConfiguration;
			buildSettings = {
				ASSETCATALOG_COMPILER_APPICON_NAME = AppIcon;
				ASSETCATALOG_COMPILER_GLOBAL_ACCENT_COLOR_NAME = AccentColor;
				CODE_SIGN_STYLE = Automatic;
				CURRENT_PROJECT_VERSION = 1;
				DEVELOPMENT_TEAM = G72424YLM5;
				GENERATE_INFOPLIST_FILE = YES;
				INFOPLIST_FILE = CPHomePractice/Info.plist;
				INFOPLIST_KEY_UIApplicationSupportsIndirectInputEvents = YES;
				INFOPLIST_KEY_UILaunchStoryboardName = LaunchScreen;
				INFOPLIST_KEY_UIMainStoryboardFile = Main;
				INFOPLIST_KEY_UISupportedInterfaceOrientations_iPad = "UIInterfaceOrientationPortrait UIInterfaceOrientationPortraitUpsideDown UIInterfaceOrientationLandscapeLeft UIInterfaceOrientationLandscapeRight";
				INFOPLIST_KEY_UISupportedInterfaceOrientations_iPhone = "UIInterfaceOrientationPortrait UIInterfaceOrientationLandscapeLeft UIInterfaceOrientationLandscapeRight";
				INFOPLIST_KEY_UIUserInterfaceStyle = Light;
				IPHONEOS_DEPLOYMENT_TARGET = 13.0;
				LD_RUNPATH_SEARCH_PATHS = (
					"$(inherited)",
					"@executable_path/Frameworks",
				);
				MARKETING_VERSION = 1.0;
				PRODUCT_BUNDLE_IDENTIFIER = com.wilson.CPHomePractice;
				PRODUCT_NAME = "$(TARGET_NAME)";
				SWIFT_EMIT_LOC_STRINGS = YES;
				SWIFT_VERSION = 5.0;
				TARGETED_DEVICE_FAMILY = "1,2";
			};
			name = Debug;
		};
		C8043A3F28CDC9E800CB6F0A /* Release */ = {
			isa = XCBuildConfiguration;
			buildSettings = {
				ASSETCATALOG_COMPILER_APPICON_NAME = AppIcon;
				ASSETCATALOG_COMPILER_GLOBAL_ACCENT_COLOR_NAME = AccentColor;
				CODE_SIGN_STYLE = Automatic;
				CURRENT_PROJECT_VERSION = 1;
				DEVELOPMENT_TEAM = G72424YLM5;
				GENERATE_INFOPLIST_FILE = YES;
				INFOPLIST_FILE = CPHomePractice/Info.plist;
				INFOPLIST_KEY_UIApplicationSupportsIndirectInputEvents = YES;
				INFOPLIST_KEY_UILaunchStoryboardName = LaunchScreen;
				INFOPLIST_KEY_UIMainStoryboardFile = Main;
				INFOPLIST_KEY_UISupportedInterfaceOrientations_iPad = "UIInterfaceOrientationPortrait UIInterfaceOrientationPortraitUpsideDown UIInterfaceOrientationLandscapeLeft UIInterfaceOrientationLandscapeRight";
				INFOPLIST_KEY_UISupportedInterfaceOrientations_iPhone = "UIInterfaceOrientationPortrait UIInterfaceOrientationLandscapeLeft UIInterfaceOrientationLandscapeRight";
				INFOPLIST_KEY_UIUserInterfaceStyle = Light;
				IPHONEOS_DEPLOYMENT_TARGET = 13.0;
				LD_RUNPATH_SEARCH_PATHS = (
					"$(inherited)",
					"@executable_path/Frameworks",
				);
				MARKETING_VERSION = 1.0;
				PRODUCT_BUNDLE_IDENTIFIER = com.wilson.CPHomePractice;
				PRODUCT_NAME = "$(TARGET_NAME)";
				SWIFT_EMIT_LOC_STRINGS = YES;
				SWIFT_VERSION = 5.0;
				TARGETED_DEVICE_FAMILY = "1,2";
			};
			name = Release;
		};
		C8043A4128CDC9E800CB6F0A /* Debug */ = {
			isa = XCBuildConfiguration;
			buildSettings = {
				ALWAYS_EMBED_SWIFT_STANDARD_LIBRARIES = YES;
				BUNDLE_LOADER = "$(TEST_HOST)";
				CODE_SIGN_STYLE = Automatic;
				CURRENT_PROJECT_VERSION = 1;
				DEVELOPMENT_TEAM = G72424YLM5;
				GENERATE_INFOPLIST_FILE = YES;
				IPHONEOS_DEPLOYMENT_TARGET = 15.2;
				MARKETING_VERSION = 1.0;
				PRODUCT_BUNDLE_IDENTIFIER = com.wilson.CPHomePracticeTests;
				PRODUCT_NAME = "$(TARGET_NAME)";
				SWIFT_EMIT_LOC_STRINGS = NO;
				SWIFT_VERSION = 5.0;
				TARGETED_DEVICE_FAMILY = "1,2";
				TEST_HOST = "$(BUILT_PRODUCTS_DIR)/CPHomePractice.app/CPHomePractice";
			};
			name = Debug;
		};
		C8043A4228CDC9E800CB6F0A /* Release */ = {
			isa = XCBuildConfiguration;
			buildSettings = {
				ALWAYS_EMBED_SWIFT_STANDARD_LIBRARIES = YES;
				BUNDLE_LOADER = "$(TEST_HOST)";
				CODE_SIGN_STYLE = Automatic;
				CURRENT_PROJECT_VERSION = 1;
				DEVELOPMENT_TEAM = G72424YLM5;
				GENERATE_INFOPLIST_FILE = YES;
				IPHONEOS_DEPLOYMENT_TARGET = 15.2;
				MARKETING_VERSION = 1.0;
				PRODUCT_BUNDLE_IDENTIFIER = com.wilson.CPHomePracticeTests;
				PRODUCT_NAME = "$(TARGET_NAME)";
				SWIFT_EMIT_LOC_STRINGS = NO;
				SWIFT_VERSION = 5.0;
				TARGETED_DEVICE_FAMILY = "1,2";
				TEST_HOST = "$(BUILT_PRODUCTS_DIR)/CPHomePractice.app/CPHomePractice";
			};
			name = Release;
		};
/* End XCBuildConfiguration section */

/* Begin XCConfigurationList section */
		C8043A0E28CDC9E500CB6F0A /* Build configuration list for PBXProject "CPHomePractice" */ = {
			isa = XCConfigurationList;
			buildConfigurations = (
				C8043A3B28CDC9E800CB6F0A /* Debug */,
				C8043A3C28CDC9E800CB6F0A /* Release */,
			);
			defaultConfigurationIsVisible = 0;
			defaultConfigurationName = Release;
		};
		C8043A3D28CDC9E800CB6F0A /* Build configuration list for PBXNativeTarget "CPHomePractice" */ = {
			isa = XCConfigurationList;
			buildConfigurations = (
				C8043A3E28CDC9E800CB6F0A /* Debug */,
				C8043A3F28CDC9E800CB6F0A /* Release */,
			);
			defaultConfigurationIsVisible = 0;
			defaultConfigurationName = Release;
		};
		C8043A4028CDC9E800CB6F0A /* Build configuration list for PBXNativeTarget "CPHomePracticeTests" */ = {
			isa = XCConfigurationList;
			buildConfigurations = (
				C8043A4128CDC9E800CB6F0A /* Debug */,
				C8043A4228CDC9E800CB6F0A /* Release */,
			);
			defaultConfigurationIsVisible = 0;
			defaultConfigurationName = Release;
		};
/* End XCConfigurationList section */
	};
	rootObject = C8043A0B28CDC9E500CB6F0A /* Project object */;
}
